
Microsoft Visual Studio Solution File, Format Version 12.00
# Visual Studio Version 16
VisualStudioVersion = 16.0.31515.178
MinimumVisualStudioVersion = 10.0.40219.1
Project("{FAE04EC0-301F-11D3-BF4B-00C04F79EFBC}") = "DM.CSharpSourceCodeValidator.Implementation", "DM.CSharpSourceCodeValidator.Implementation\DM.CSharpSourceCodeValidator.Implementation.csproj", "{0D0EB833-2D99-4CA7-BD0B-57C75ED72D19}"
EndProject
Project("{FAE04EC0-301F-11D3-BF4B-00C04F79EFBC}") = "DM.CSharpSourceCodeValidator.Contracts", "DM.CSharpSourceCodeValidator.Contracts\DM.CSharpSourceCodeValidator.Contracts.csproj", "{ECFB1F08-8844-4FDC-88E9-6629FE1F2B5C}"
EndProject
Project("{FAE04EC0-301F-11D3-BF4B-00C04F79EFBC}") = "DM.CSharpSourceCodeValidator.Models", "DM.CSharpSourceCodeValidator.Models\DM.CSharpSourceCodeValidator.Models.csproj", "{BC660DE4-7982-467C-AE07-938B88D97C0E}"
EndProject
Project("{FAE04EC0-301F-11D3-BF4B-00C04F79EFBC}") = "DM.CSharpSourceCodeValidator.Implementation.tests", "DM.CSharpSourceCodeValidator.Implementation.tests\DM.CSharpSourceCodeValidator.Implementation.tests.csproj", "{F262FF4E-DF81-4D6E-AE20-EE11BF0D66E8}"
EndProject
Global
	GlobalSection(SolutionConfigurationPlatforms) = preSolution
		Debug|Any CPU = Debug|Any CPU
		Release|Any CPU = Release|Any CPU
	EndGlobalSection
	GlobalSection(ProjectConfigurationPlatforms) = postSolution
		{0D0EB833-2D99-4CA7-BD0B-57C75ED72D19}.Debug|Any CPU.ActiveCfg = Debug|Any CPU
		{0D0EB833-2D99-4CA7-BD0B-57C75ED72D19}.Debug|Any CPU.Build.0 = Debug|Any CPU
		{0D0EB833-2D99-4CA7-BD0B-57C75ED72D19}.Release|Any CPU.ActiveCfg = Release|Any CPU
		{0D0EB833-2D99-4CA7-BD0B-57C75ED72D19}.Release|Any CPU.Build.0 = Release|Any CPU
		{ECFB1F08-8844-4FDC-88E9-6629FE1F2B5C}.Debug|Any CPU.ActiveCfg = Debug|Any CPU
		{ECFB1F08-8844-4FDC-88E9-6629FE1F2B5C}.Debug|Any CPU.Build.0 = Debug|Any CPU
		{ECFB1F08-8844-4FDC-88E9-6629FE1F2B5C}.Release|Any CPU.ActiveCfg = Release|Any CPU
		{ECFB1F08-8844-4FDC-88E9-6629FE1F2B5C}.Release|Any CPU.Build.0 = Release|Any CPU
		{BC660DE4-7982-467C-AE07-938B88D97C0E}.Debug|Any CPU.ActiveCfg = Debug|Any CPU
		{BC660DE4-7982-467C-AE07-938B88D97C0E}.Debug|Any CPU.Build.0 = Debug|Any CPU
		{BC660DE4-7982-467C-AE07-938B88D97C0E}.Release|Any CPU.ActiveCfg = Release|Any CPU
		{BC660DE4-7982-467C-AE07-938B88D97C0E}.Release|Any CPU.Build.0 = Release|Any CPU
		{F262FF4E-DF81-4D6E-AE20-EE11BF0D66E8}.Debug|Any CPU.ActiveCfg = Debug|Any CPU
		{F262FF4E-DF81-4D6E-AE20-EE11BF0D66E8}.Debug|Any CPU.Build.0 = Debug|Any CPU
		{F262FF4E-DF81-4D6E-AE20-EE11BF0D66E8}.Release|Any CPU.ActiveCfg = Release|Any CPU
		{F262FF4E-DF81-4D6E-AE20-EE11BF0D66E8}.Release|Any CPU.Build.0 = Release|Any CPU
	EndGlobalSection
	GlobalSection(SolutionProperties) = preSolution
		HideSolutionNode = FALSE
	EndGlobalSection
	GlobalSection(ExtensibilityGlobals) = postSolution
		SolutionGuid = {10D49543-6585-414C-89DE-000BD3644D3F}
	EndGlobalSection
EndGlobal
